
Microsoft Visual Studio Solution File, Format Version 12.00
# Visual Studio 15
VisualStudioVersion = 15.0.28307.539
MinimumVisualStudioVersion = 10.0.40219.1
Project("{FAE04EC0-301F-11D3-BF4B-00C04F79EFBC}") = "Calculator", "Calculator\Calculator.csproj", "{0BBC549F-65AD-4239-A5BF-7150A3C246D1}"
EndProject
Global
	GlobalSection(SolutionConfigurationPlatforms) = preSolution
		Debug|Any CPU = Debug|Any CPU
		Release|Any CPU = Release|Any CPU
	EndGlobalSection
	GlobalSection(ProjectConfigurationPlatforms) = postSolution
		{0BBC549F-65AD-4239-A5BF-7150A3C246D1}.Debug|Any CPU.ActiveCfg = Debug|Any CPU
		{0BBC549F-65AD-4239-A5BF-7150A3C246D1}.Debug|Any CPU.Build.0 = Debug|Any CPU
		{0BBC549F-65AD-4239-A5BF-7150A3C246D1}.Release|Any CPU.ActiveCfg = Release|Any CPU
		{0BBC549F-65AD-4239-A5BF-7150A3C246D1}.Release|Any CPU.Build.0 = Release|Any CPU
	EndGlobalSection
	GlobalSection(SolutionProperties) = preSolution
		HideSolutionNode = FALSE
	EndGlobalSection
	GlobalSection(ExtensibilityGlobals) = postSolution
		SolutionGuid = {AC5074D7-755D-436A-85EF-596CF9875D06}
	EndGlobalSection
EndGlobal
